
Microsoft Visual Studio Solution File, Format Version 12.00
# Visual Studio Version 17
VisualStudioVersion = 17.3.32804.467
MinimumVisualStudioVersion = 10.0.40219.1
Project("{9A19103F-16F7-4668-BE54-9A1E7A4F7556}") = "ConsoleAppDemo", "ConsoleAppDemo\ConsoleAppDemo.csproj", "{B08F5E13-26F6-4D3D-B690-E05D34C5B4BF}"
EndProject
Project("{9A19103F-16F7-4668-BE54-9A1E7A4F7556}") = "TestProjectConsoleAppDemo", "TestProjectConsoleAppDemo\TestProjectConsoleAppDemo.csproj", "{76D3E8A8-F62C-4160-9B29-B407363CAD56}"
EndProject
Project("{FAE04EC0-301F-11D3-BF4B-00C04F79EFBC}") = "TestProject1ForJenkins", "TestProject1ForJenkins\TestProject1ForJenkins.csproj", "{BB5FA61B-CF2F-4E08-AD63-B19B3AE41414}"
EndProject
Global
	GlobalSection(SolutionConfigurationPlatforms) = preSolution
		Debug|Any CPU = Debug|Any CPU
		Release|Any CPU = Release|Any CPU
	EndGlobalSection
	GlobalSection(ProjectConfigurationPlatforms) = postSolution
		{B08F5E13-26F6-4D3D-B690-E05D34C5B4BF}.Debug|Any CPU.ActiveCfg = Debug|Any CPU
		{B08F5E13-26F6-4D3D-B690-E05D34C5B4BF}.Debug|Any CPU.Build.0 = Debug|Any CPU
		{B08F5E13-26F6-4D3D-B690-E05D34C5B4BF}.Release|Any CPU.ActiveCfg = Release|Any CPU
		{B08F5E13-26F6-4D3D-B690-E05D34C5B4BF}.Release|Any CPU.Build.0 = Release|Any CPU
		{76D3E8A8-F62C-4160-9B29-B407363CAD56}.Debug|Any CPU.ActiveCfg = Debug|Any CPU
		{76D3E8A8-F62C-4160-9B29-B407363CAD56}.Debug|Any CPU.Build.0 = Debug|Any CPU
		{76D3E8A8-F62C-4160-9B29-B407363CAD56}.Release|Any CPU.ActiveCfg = Release|Any CPU
		{76D3E8A8-F62C-4160-9B29-B407363CAD56}.Release|Any CPU.Build.0 = Release|Any CPU
		{BB5FA61B-CF2F-4E08-AD63-B19B3AE41414}.Debug|Any CPU.ActiveCfg = Debug|Any CPU
		{BB5FA61B-CF2F-4E08-AD63-B19B3AE41414}.Debug|Any CPU.Build.0 = Debug|Any CPU
		{BB5FA61B-CF2F-4E08-AD63-B19B3AE41414}.Release|Any CPU.ActiveCfg = Release|Any CPU
		{BB5FA61B-CF2F-4E08-AD63-B19B3AE41414}.Release|Any CPU.Build.0 = Release|Any CPU
	EndGlobalSection
	GlobalSection(SolutionProperties) = preSolution
		HideSolutionNode = FALSE
	EndGlobalSection
	GlobalSection(ExtensibilityGlobals) = postSolution
		SolutionGuid = {5FB83B34-FFF1-46DB-962C-E6D144C33AE4}
	EndGlobalSection
EndGlobal
